// !$*UTF8*$!
{
	archiveVersion = 1;
	classes = {
	};
	objectVersion = 50;
	objects = {

/* Begin PBXBuildFile section */
		873404792453FB8A0007C14F /* AppDelegate.swift in Sources */ = {isa = PBXBuildFile; fileRef = 873404782453FB8A0007C14F /* AppDelegate.swift */; };
		8734047B2453FB8A0007C14F /* ViewController.swift in Sources */ = {isa = PBXBuildFile; fileRef = 8734047A2453FB8A0007C14F /* ViewController.swift */; };
		8734047E2453FB8A0007C14F /* Main.storyboard in Resources */ = {isa = PBXBuildFile; fileRef = 8734047C2453FB8A0007C14F /* Main.storyboard */; };
		873404812453FB8A0007C14F /* Notas.xcdatamodeld in Sources */ = {isa = PBXBuildFile; fileRef = 8734047F2453FB8A0007C14F /* Notas.xcdatamodeld */; };
		873404832453FB8C0007C14F /* Assets.xcassets in Resources */ = {isa = PBXBuildFile; fileRef = 873404822453FB8C0007C14F /* Assets.xcassets */; };
		873404862453FB8C0007C14F /* LaunchScreen.storyboard in Resources */ = {isa = PBXBuildFile; fileRef = 873404842453FB8C0007C14F /* LaunchScreen.storyboard */; };
		8734048E2453FCDA0007C14F /* TableViewController.swift in Sources */ = {isa = PBXBuildFile; fileRef = 8734048D2453FCDA0007C14F /* TableViewController.swift */; };
		873404902454003D0007C14F /* executeActions.swift in Sources */ = {isa = PBXBuildFile; fileRef = 8734048F2454003D0007C14F /* executeActions.swift */; };
/* End PBXBuildFile section */

/* Begin PBXFileReference section */
		873404752453FB8A0007C14F /* Notas.app */ = {isa = PBXFileReference; explicitFileType = wrapper.application; includeInIndex = 0; path = Notas.app; sourceTree = BUILT_PRODUCTS_DIR; };
		873404782453FB8A0007C14F /* AppDelegate.swift */ = {isa = PBXFileReference; lastKnownFileType = sourcecode.swift; path = AppDelegate.swift; sourceTree = "<group>"; };
		8734047A2453FB8A0007C14F /* ViewController.swift */ = {isa = PBXFileReference; lastKnownFileType = sourcecode.swift; path = ViewController.swift; sourceTree = "<group>"; };
		8734047D2453FB8A0007C14F /* Base */ = {isa = PBXFileReference; lastKnownFileType = file.storyboard; name = Base; path = Base.lproj/Main.storyboard; sourceTree = "<group>"; };
		873404802453FB8A0007C14F /* Notas.xcdatamodel */ = {isa = PBXFileReference; lastKnownFileType = wrapper.xcdatamodel; path = Notas.xcdatamodel; sourceTree = "<group>"; };
		873404822453FB8C0007C14F /* Assets.xcassets */ = {isa = PBXFileReference; lastKnownFileType = folder.assetcatalog; path = Assets.xcassets; sourceTree = "<group>"; };
		873404852453FB8C0007C14F /* Base */ = {isa = PBXFileReference; lastKnownFileType = file.storyboard; name = Base; path = Base.lproj/LaunchScreen.storyboard; sourceTree = "<group>"; };
		873404872453FB8C0007C14F /* Info.plist */ = {isa = PBXFileReference; lastKnownFileType = text.plist.xml; path = Info.plist; sourceTree = "<group>"; };
		8734048D2453FCDA0007C14F /* TableViewController.swift */ = {isa = PBXFileReference; lastKnownFileType = sourcecode.swift; path = TableViewController.swift; sourceTree = "<group>"; };
		8734048F2454003D0007C14F /* executeActions.swift */ = {isa = PBXFileReference; lastKnownFileType = sourcecode.swift; path = executeActions.swift; sourceTree = "<group>"; };
/* End PBXFileReference section */

/* Begin PBXFrameworksBuildPhase section */
		873404722453FB8A0007C14F /* Frameworks */ = {
			isa = PBXFrameworksBuildPhase;
			buildActionMask = 2147483647;
			files = (
			);
			runOnlyForDeploymentPostprocessing = 0;
		};
/* End PBXFrameworksBuildPhase section */

/* Begin PBXGroup section */
		8734046C2453FB8A0007C14F = {
			isa = PBXGroup;
			children = (
				873404772453FB8A0007C14F /* Notas */,
				873404762453FB8A0007C14F /* Products */,
			);
			sourceTree = "<group>";
		};
		873404762453FB8A0007C14F /* Products */ = {
			isa = PBXGroup;
			children = (
				873404752453FB8A0007C14F /* Notas.app */,
			);
			name = Products;
			sourceTree = "<group>";
		};
		873404772453FB8A0007C14F /* Notas */ = {
			isa = PBXGroup;
			children = (
				873404782453FB8A0007C14F /* AppDelegate.swift */,
				8734047A2453FB8A0007C14F /* ViewController.swift */,
				8734047C2453FB8A0007C14F /* Main.storyboard */,
				873404822453FB8C0007C14F /* Assets.xcassets */,
				873404842453FB8C0007C14F /* LaunchScreen.storyboard */,
				873404872453FB8C0007C14F /* Info.plist */,
				8734047F2453FB8A0007C14F /* Notas.xcdatamodeld */,
				8734048D2453FCDA0007C14F /* TableViewController.swift */,
				8734048F2454003D0007C14F /* executeActions.swift */,
			);
			path = Notas;
			sourceTree = "<group>";
		};
/* End PBXGroup section */

/* Begin PBXNativeTarget section */
		873404742453FB8A0007C14F /* Notas */ = {
			isa = PBXNativeTarget;
			buildConfigurationList = 8734048A2453FB8C0007C14F /* Build configuration list for PBXNativeTarget "Notas" */;
			buildPhases = (
				873404712453FB8A0007C14F /* Sources */,
				873404722453FB8A0007C14F /* Frameworks */,
				873404732453FB8A0007C14F /* Resources */,
			);
			buildRules = (
			);
			dependencies = (
			);
			name = Notas;
			productName = Notas;
			productReference = 873404752453FB8A0007C14F /* Notas.app */;
			productType = "com.apple.product-type.application";
		};
/* End PBXNativeTarget section */

/* Begin PBXProject section */
		8734046D2453FB8A0007C14F /* Project object */ = {
			isa = PBXProject;
			attributes = {
				LastSwiftUpdateCheck = 1030;
				LastUpgradeCheck = 1030;
				ORGANIZATIONNAME = "Alexandre de Oliveira Nepomuceno";
				TargetAttributes = {
					873404742453FB8A0007C14F = {
						CreatedOnToolsVersion = 10.3;
					};
				};
			};
			buildConfigurationList = 873404702453FB8A0007C14F /* Build configuration list for PBXProject "Notas" */;
			compatibilityVersion = "Xcode 9.3";
			developmentRegion = en;
			hasScannedForEncodings = 0;
			knownRegions = (
				en,
				Base,
			);
			mainGroup = 8734046C2453FB8A0007C14F;
			productRefGroup = 873404762453FB8A0007C14F /* Products */;
			projectDirPath = "";
			projectRoot = "";
			targets = (
				873404742453FB8A0007C14F /* Notas */,
			);
		};
/* End PBXProject section */

/* Begin PBXResourcesBuildPhase section */
		873404732453FB8A0007C14F /* Resources */ = {
			isa = PBXResourcesBuildPhase;
			buildActionMask = 2147483647;
			files = (
				873404862453FB8C0007C14F /* LaunchScreen.storyboard in Resources */,
				873404832453FB8C0007C14F /* Assets.xcassets in Resources */,
				8734047E2453FB8A0007C14F /* Main.storyboard in Resources */,
			);
			runOnlyForDeploymentPostprocessing = 0;
		};
/* End PBXResourcesBuildPhase section */

/* Begin PBXSourcesBuildPhase section */
		873404712453FB8A0007C14F /* Sources */ = {
			isa = PBXSourcesBuildPhase;
			buildActionMask = 2147483647;
			files = (
				8734047B2453FB8A0007C14F /* ViewController.swift in Sources */,
				873404902454003D0007C14F /* executeActions.swift in Sources */,
				873404812453FB8A0007C14F /* Notas.xcdatamodeld in Sources */,
				873404792453FB8A0007C14F /* AppDelegate.swift in Sources */,
				8734048E2453FCDA0007C14F /* TableViewController.swift in Sources */,
			);
			runOnlyForDeploymentPostprocessing = 0;
		};
/* End PBXSourcesBuildPhase section */

/* Begin PBXVariantGroup section */
		8734047C2453FB8A0007C14F /* Main.storyboard */ = {
			isa = PBXVariantGroup;
			children = (
				8734047D2453FB8A0007C14F /* Base */,
			);
			name = Main.storyboard;
			sourceTree = "<group>";
		};
		873404842453FB8C0007C14F /* LaunchScreen.storyboard */ = {
			isa = PBXVariantGroup;
			children = (
				873404852453FB8C0007C14F /* Base */,
			);
			name = LaunchScreen.storyboard;
			sourceTree = "<group>";
		};
/* End PBXVariantGroup section */

/* Begin XCBuildConfiguration section */
		873404882453FB8C0007C14F /* Debug */ = {
			isa = XCBuildConfiguration;
			buildSettings = {
				ALWAYS_SEARCH_USER_PATHS = NO;
				CLANG_ANALYZER_NONNULL = YES;
				CLANG_ANALYZER_NUMBER_OBJECT_CONVERSION = YES_AGGRESSIVE;
				CLANG_CXX_LANGUAGE_STANDARD = "gnu++14";
				CLANG_CXX_LIBRARY = "libc++";
				CLANG_ENABLE_MODULES = YES;
				CLANG_ENABLE_OBJC_ARC = YES;
				CLANG_ENABLE_OBJC_WEAK = YES;
				CLANG_WARN_BLOCK_CAPTURE_AUTORELEASING = YES;
				CLANG_WARN_BOOL_CONVERSION = YES;
				CLANG_WARN_COMMA = YES;
				CLANG_WARN_CONSTANT_CONVERSION = YES;
				CLANG_WARN_DEPRECATED_OBJC_IMPLEMENTATIONS = YES;
				CLANG_WARN_DIRECT_OBJC_ISA_USAGE = YES_ERROR;
				CLANG_WARN_DOCUMENTATION_COMMENTS = YES;
				CLANG_WARN_EMPTY_BODY = YES;
				CLANG_WARN_ENUM_CONVERSION = YES;
				CLANG_WARN_INFINITE_RECURSION = YES;
				CLANG_WARN_INT_CONVERSION = YES;
				CLANG_WARN_NON_LITERAL_NULL_CONVERSION = YES;
				CLANG_WARN_OBJC_IMPLICIT_RETAIN_SELF = YES;
				CLANG_WARN_OBJC_LITERAL_CONVERSION = YES;
				CLANG_WARN_OBJC_ROOT_CLASS = YES_ERROR;
				CLANG_WARN_RANGE_LOOP_ANALYSIS = YES;
				CLANG_WARN_STRICT_PROTOTYPES = YES;
				CLANG_WARN_SUSPICIOUS_MOVE = YES;
				CLANG_WARN_UNGUARDED_AVAILABILITY = YES_AGGRESSIVE;
				CLANG_WARN_UNREACHABLE_CODE = YES;
				CLANG_WARN__DUPLICATE_METHOD_MATCH = YES;
				CODE_SIGN_IDENTITY = "iPhone Developer";
				COPY_PHASE_STRIP = NO;
				DEBUG_INFORMATION_FORMAT = dwarf;
				ENABLE_STRICT_OBJC_MSGSEND = YES;
				ENABLE_TESTABILITY = YES;
				GCC_C_LANGUAGE_STANDARD = gnu11;
				GCC_DYNAMIC_NO_PIC = NO;
				GCC_NO_COMMON_BLOCKS = YES;
				GCC_OPTIMIZATION_LEVEL = 0;
				GCC_PREPROCESSOR_DEFINITIONS = (
					"DEBUG=1",
					"$(inherited)",
				);
				GCC_WARN_64_TO_32_BIT_CONVERSION = YES;
				GCC_WARN_ABOUT_RETURN_TYPE = YES_ERROR;
				GCC_WARN_UNDECLARED_SELECTOR = YES;
				GCC_WARN_UNINITIALIZED_AUTOS = YES_AGGRESSIVE;
				GCC_WARN_UNUSED_FUNCTION = YES;
				GCC_WARN_UNUSED_VARIABLE = YES;
				IPHONEOS_DEPLOYMENT_TARGET = 12.4;
				MTL_ENABLE_DEBUG_INFO = INCLUDE_SOURCE;
				MTL_FAST_MATH = YES;
				ONLY_ACTIVE_ARCH = YES;
				SDKROOT = iphoneos;
				SWIFT_ACTIVE_COMPILATION_CONDITIONS = DEBUG;
				SWIFT_OPTIMIZATION_LEVEL = "-Onone";
			};
			name = Debug;
		};
		873404892453FB8C0007C14F /* Release */ = {
			isa = XCBuildConfiguration;
			buildSettings = {
				ALWAYS_SEARCH_USER_PATHS = NO;
				CLANG_ANALYZER_NONNULL = YES;
				CLANG_ANALYZER_NUMBER_OBJECT_CONVERSION = YES_AGGRESSIVE;
				CLANG_CXX_LANGUAGE_STANDARD = "gnu++14";
				CLANG_CXX_LIBRARY = "libc++";
				CLANG_ENABLE_MODULES = YES;
				CLANG_ENABLE_OBJC_ARC = YES;
				CLANG_ENABLE_OBJC_WEAK = YES;
				CLANG_WARN_BLOCK_CAPTURE_AUTORELEASING = YES;
				CLANG_WARN_BOOL_CONVERSION = YES;
				CLANG_WARN_COMMA = YES;
				CLANG_WARN_CONSTANT_CONVERSION = YES;
				CLANG_WARN_DEPRECATED_OBJC_IMPLEMENTATIONS = YES;
				CLANG_WARN_DIRECT_OBJC_ISA_USAGE = YES_ERROR;
				CLANG_WARN_DOCUMENTATION_COMMENTS = YES;
				CLANG_WARN_EMPTY_BODY = YES;
				CLANG_WARN_ENUM_CONVERSION = YES;
				CLANG_WARN_INFINITE_RECURSION = YES;
				CLANG_WARN_INT_CONVERSION = YES;
				CLANG_WARN_NON_LITERAL_NULL_CONVERSION = YES;
				CLANG_WARN_OBJC_IMPLICIT_RETAIN_SELF = YES;
				CLANG_WARN_OBJC_LITERAL_CONVERSION = YES;
				CLANG_WARN_OBJC_ROOT_CLASS = YES_ERROR;
				CLANG_WARN_RANGE_LOOP_ANALYSIS = YES;
				CLANG_WARN_STRICT_PROTOTYPES = YES;
				CLANG_WARN_SUSPICIOUS_MOVE = YES;
				CLANG_WARN_UNGUARDED_AVAILABILITY = YES_AGGRESSIVE;
				CLANG_WARN_UNREACHABLE_CODE = YES;
				CLANG_WARN__DUPLICATE_METHOD_MATCH = YES;
				CODE_SIGN_IDENTITY = "iPhone Developer";
				COPY_PHASE_STRIP = NO;
				DEBUG_INFORMATION_FORMAT = "dwarf-with-dsym";
				ENABLE_NS_ASSERTIONS = NO;
				ENABLE_STRICT_OBJC_MSGSEND = YES;
				GCC_C_LANGUAGE_STANDARD = gnu11;
				GCC_NO_COMMON_BLOCKS = YES;
				GCC_WARN_64_TO_32_BIT_CONVERSION = YES;
				GCC_WARN_ABOUT_RETURN_TYPE = YES_ERROR;
				GCC_WARN_UNDECLARED_SELECTOR = YES;
				GCC_WARN_UNINITIALIZED_AUTOS = YES_AGGRESSIVE;
				GCC_WARN_UNUSED_FUNCTION = YES;
				GCC_WARN_UNUSED_VARIABLE = YES;
				IPHONEOS_DEPLOYMENT_TARGET = 12.4;
				MTL_ENABLE_DEBUG_INFO = NO;
				MTL_FAST_MATH = YES;
				SDKROOT = iphoneos;
				SWIFT_COMPILATION_MODE = wholemodule;
				SWIFT_OPTIMIZATION_LEVEL = "-O";
				VALIDATE_PRODUCT = YES;
			};
			name = Release;
		};
		8734048B2453FB8C0007C14F /* Debug */ = {
			isa = XCBuildConfiguration;
			buildSettings = {
				ASSETCATALOG_COMPILER_APPICON_NAME = AppIcon;
				CODE_SIGN_STYLE = Automatic;
				INFOPLIST_FILE = Notas/Info.plist;
				LD_RUNPATH_SEARCH_PATHS = (
					"$(inherited)",
					"@executable_path/Frameworks",
				);
				PRODUCT_BUNDLE_IDENTIFIER = Nepomuceno.com.Notas;
				PRODUCT_NAME = "$(TARGET_NAME)";
				SWIFT_VERSION = 5.0;
				TARGETED_DEVICE_FAMILY = "1,2";
			};
			name = Debug;
		};
		8734048C2453FB8C0007C14F /* Release */ = {
			isa = XCBuildConfiguration;
			buildSettings = {
				ASSETCATALOG_COMPILER_APPICON_NAME = AppIcon;
				CODE_SIGN_STYLE = Automatic;
				INFOPLIST_FILE = Notas/Info.plist;
				LD_RUNPATH_SEARCH_PATHS = (
					"$(inherited)",
					"@executable_path/Frameworks",
				);
				PRODUCT_BUNDLE_IDENTIFIER = Nepomuceno.com.Notas;
				PRODUCT_NAME = "$(TARGET_NAME)";
				SWIFT_VERSION = 5.0;
				TARGETED_DEVICE_FAMILY = "1,2";
			};
			name = Release;
		};
/* End XCBuildConfiguration section */

/* Begin XCConfigurationList section */
		873404702453FB8A0007C14F /* Build configuration list for PBXProject "Notas" */ = {
			isa = XCConfigurationList;
			buildConfigurations = (
				873404882453FB8C0007C14F /* Debug */,
				873404892453FB8C0007C14F /* Release */,
			);
			defaultConfigurationIsVisible = 0;
			defaultConfigurationName = Release;
		};
		8734048A2453FB8C0007C14F /* Build configuration list for PBXNativeTarget "Notas" */ = {
			isa = XCConfigurationList;
			buildConfigurations = (
				8734048B2453FB8C0007C14F /* Debug */,
				8734048C2453FB8C0007C14F /* Release */,
			);
			defaultConfigurationIsVisible = 0;
			defaultConfigurationName = Release;
		};
/* End XCConfigurationList section */

/* Begin XCVersionGroup section */
		8734047F2453FB8A0007C14F /* Notas.xcdatamodeld */ = {
			isa = XCVersionGroup;
			children = (
				873404802453FB8A0007C14F /* Notas.xcdatamodel */,
			);
			currentVersion = 873404802453FB8A0007C14F /* Notas.xcdatamodel */;
			path = Notas.xcdatamodeld;
			sourceTree = "<group>";
			versionGroupType = wrapper.xcdatamodel;
		};
/* End XCVersionGroup section */
	};
	rootObject = 8734046D2453FB8A0007C14F /* Project object */;
}
